// !$*UTF8*$!
{
	archiveVersion = 1;
	classes = {
	};
	objectVersion = 56;
	objects = {

/* Begin PBXBuildFile section */
		365EF7C02ADA915B0067DE5B /* ReconstructionView.swift in Sources */ = {isa = PBXBuildFile; fileRef = 365EF7BF2ADA915B0067DE5B /* ReconstructionView.swift */; };
		367C7E582ACF3DFA00FA18CA /* AppDelegate.swift in Sources */ = {isa = PBXBuildFile; fileRef = 367C7E572ACF3DFA00FA18CA /* AppDelegate.swift */; };
		367C7E5A2ACF3DFA00FA18CA /* ARVRToolsList.swift in Sources */ = {isa = PBXBuildFile; fileRef = 367C7E592ACF3DFA00FA18CA /* ARVRToolsList.swift */; };
		367C7E5C2ACF3DFC00FA18CA /* Assets.xcassets in Resources */ = {isa = PBXBuildFile; fileRef = 367C7E5B2ACF3DFC00FA18CA /* Assets.xcassets */; };
		367C7E5F2ACF3DFC00FA18CA /* Preview Assets.xcassets in Resources */ = {isa = PBXBuildFile; fileRef = 367C7E5E2ACF3DFC00FA18CA /* Preview Assets.xcassets */; };
		367C7E692ACF3DFC00FA18CA /* AR_VRProjectTests.swift in Sources */ = {isa = PBXBuildFile; fileRef = 367C7E682ACF3DFC00FA18CA /* AR_VRProjectTests.swift */; };
		367C7E732ACF3DFC00FA18CA /* AR_VRProjectUITests.swift in Sources */ = {isa = PBXBuildFile; fileRef = 367C7E722ACF3DFC00FA18CA /* AR_VRProjectUITests.swift */; };
		367C7E752ACF3DFC00FA18CA /* AR_VRProjectUITestsLaunchTests.swift in Sources */ = {isa = PBXBuildFile; fileRef = 367C7E742ACF3DFC00FA18CA /* AR_VRProjectUITestsLaunchTests.swift */; };
		367DAFC22ADC2BE700030A39 /* DirectoriesManager.swift in Sources */ = {isa = PBXBuildFile; fileRef = 367DAFC12ADC2BE700030A39 /* DirectoriesManager.swift */; };
		367DAFC52ADC71FB00030A39 /* ProgressView.swift in Sources */ = {isa = PBXBuildFile; fileRef = 367DAFC42ADC71FB00030A39 /* ProgressView.swift */; };
		367DAFC72ADC85CA00030A39 /* ObjectCaptureModel.swift in Sources */ = {isa = PBXBuildFile; fileRef = 367DAFC62ADC85CA00030A39 /* ObjectCaptureModel.swift */; };
		367DB00B2ADF04B300030A39 /* GradientBackgroundView.swift in Sources */ = {isa = PBXBuildFile; fileRef = 367DB00A2ADF04B300030A39 /* GradientBackgroundView.swift */; };
		367DB00E2AE2E6D400030A39 /* ModelView.swift in Sources */ = {isa = PBXBuildFile; fileRef = 367DB00D2AE2E6D400030A39 /* ModelView.swift */; };
		367DB0102AE3CCEF00030A39 /* BlueButton.swift in Sources */ = {isa = PBXBuildFile; fileRef = 367DB00F2AE3CCEF00030A39 /* BlueButton.swift */; };
		36BAA4902AD593BE00E4B983 /* Dice.usdz in Resources */ = {isa = PBXBuildFile; fileRef = 36BAA48F2AD593BE00E4B983 /* Dice.usdz */; };
		36BAA4942AD8183E00E4B983 /* ObjectCaptureContainerView.swift in Sources */ = {isa = PBXBuildFile; fileRef = 36BAA4932AD8183E00E4B983 /* ObjectCaptureContainerView.swift */; };
		36BAA4962AD8184300E4B983 /* ObjectCaptureContainerViewModel.swift in Sources */ = {isa = PBXBuildFile; fileRef = 36BAA4952AD8184300E4B983 /* ObjectCaptureContainerViewModel.swift */; };
		36E79FD32ACF4A0500A5C8CA /* ARModel.swift in Sources */ = {isa = PBXBuildFile; fileRef = 36E79FD22ACF4A0500A5C8CA /* ARModel.swift */; };
		36E79FD62ACF4B8600A5C8CA /* ARVideModel.swift in Sources */ = {isa = PBXBuildFile; fileRef = 36E79FD52ACF4B8600A5C8CA /* ARVideModel.swift */; };
		36E79FDD2AD0516100A5C8CA /* RealityKitView.swift in Sources */ = {isa = PBXBuildFile; fileRef = 36E79FDC2AD0516100A5C8CA /* RealityKitView.swift */; };
		36E79FE02AD052A400A5C8CA /* ARViewContainer.swift in Sources */ = {isa = PBXBuildFile; fileRef = 36E79FDF2AD052A400A5C8CA /* ARViewContainer.swift */; };
		36E79FE32AD080FE00A5C8CA /* FocusEntity in Frameworks */ = {isa = PBXBuildFile; productRef = 36E79FE22AD080FE00A5C8CA /* FocusEntity */; };
		36E79FE62AD0833500A5C8CA /* RealityFoundation.framework in Frameworks */ = {isa = PBXBuildFile; fileRef = 36E79FE52AD0833500A5C8CA /* RealityFoundation.framework */; settings = {ATTRIBUTES = (Weak, ); }; };
		36E79FE82AD0955800A5C8CA /* RealityKitViewModel.swift in Sources */ = {isa = PBXBuildFile; fileRef = 36E79FE72AD0955800A5C8CA /* RealityKitViewModel.swift */; };
		36F0D0A22AD2C5BD003DF9B9 /* ARViewRepresentable.swift in Sources */ = {isa = PBXBuildFile; fileRef = 36F0D0A12AD2C5BD003DF9B9 /* ARViewRepresentable.swift */; };
/* End PBXBuildFile section */

/* Begin PBXContainerItemProxy section */
		367C7E652ACF3DFC00FA18CA /* PBXContainerItemProxy */ = {
			isa = PBXContainerItemProxy;
			containerPortal = 367C7E4C2ACF3DFA00FA18CA /* Project object */;
			proxyType = 1;
			remoteGlobalIDString = 367C7E532ACF3DFA00FA18CA;
			remoteInfo = "AR-VRProject";
		};
		367C7E6F2ACF3DFC00FA18CA /* PBXContainerItemProxy */ = {
			isa = PBXContainerItemProxy;
			containerPortal = 367C7E4C2ACF3DFA00FA18CA /* Project object */;
			proxyType = 1;
			remoteGlobalIDString = 367C7E532ACF3DFA00FA18CA;
			remoteInfo = "AR-VRProject";
		};
/* End PBXContainerItemProxy section */

/* Begin PBXFileReference section */
		365EF7BF2ADA915B0067DE5B /* ReconstructionView.swift */ = {isa = PBXFileReference; lastKnownFileType = sourcecode.swift; path = ReconstructionView.swift; sourceTree = "<group>"; };
		367C7E542ACF3DFA00FA18CA /* AR-VRProject.app */ = {isa = PBXFileReference; explicitFileType = wrapper.application; includeInIndex = 0; path = "AR-VRProject.app"; sourceTree = BUILT_PRODUCTS_DIR; };
		367C7E572ACF3DFA00FA18CA /* AppDelegate.swift */ = {isa = PBXFileReference; lastKnownFileType = sourcecode.swift; path = AppDelegate.swift; sourceTree = "<group>"; };
		367C7E592ACF3DFA00FA18CA /* ARVRToolsList.swift */ = {isa = PBXFileReference; lastKnownFileType = sourcecode.swift; path = ARVRToolsList.swift; sourceTree = "<group>"; };
		367C7E5B2ACF3DFC00FA18CA /* Assets.xcassets */ = {isa = PBXFileReference; lastKnownFileType = folder.assetcatalog; path = Assets.xcassets; sourceTree = "<group>"; };
		367C7E5E2ACF3DFC00FA18CA /* Preview Assets.xcassets */ = {isa = PBXFileReference; lastKnownFileType = folder.assetcatalog; path = "Preview Assets.xcassets"; sourceTree = "<group>"; };
		367C7E642ACF3DFC00FA18CA /* AR-VRProjectTests.xctest */ = {isa = PBXFileReference; explicitFileType = wrapper.cfbundle; includeInIndex = 0; path = "AR-VRProjectTests.xctest"; sourceTree = BUILT_PRODUCTS_DIR; };
		367C7E682ACF3DFC00FA18CA /* AR_VRProjectTests.swift */ = {isa = PBXFileReference; lastKnownFileType = sourcecode.swift; path = AR_VRProjectTests.swift; sourceTree = "<group>"; };
		367C7E6E2ACF3DFC00FA18CA /* AR-VRProjectUITests.xctest */ = {isa = PBXFileReference; explicitFileType = wrapper.cfbundle; includeInIndex = 0; path = "AR-VRProjectUITests.xctest"; sourceTree = BUILT_PRODUCTS_DIR; };
		367C7E722ACF3DFC00FA18CA /* AR_VRProjectUITests.swift */ = {isa = PBXFileReference; lastKnownFileType = sourcecode.swift; path = AR_VRProjectUITests.swift; sourceTree = "<group>"; };
		367C7E742ACF3DFC00FA18CA /* AR_VRProjectUITestsLaunchTests.swift */ = {isa = PBXFileReference; lastKnownFileType = sourcecode.swift; path = AR_VRProjectUITestsLaunchTests.swift; sourceTree = "<group>"; };
		367DAFC12ADC2BE700030A39 /* DirectoriesManager.swift */ = {isa = PBXFileReference; lastKnownFileType = sourcecode.swift; path = DirectoriesManager.swift; sourceTree = "<group>"; };
		367DAFC42ADC71FB00030A39 /* ProgressView.swift */ = {isa = PBXFileReference; lastKnownFileType = sourcecode.swift; path = ProgressView.swift; sourceTree = "<group>"; };
		367DAFC62ADC85CA00030A39 /* ObjectCaptureModel.swift */ = {isa = PBXFileReference; lastKnownFileType = sourcecode.swift; path = ObjectCaptureModel.swift; sourceTree = "<group>"; };
		367DB00A2ADF04B300030A39 /* GradientBackgroundView.swift */ = {isa = PBXFileReference; lastKnownFileType = sourcecode.swift; path = GradientBackgroundView.swift; sourceTree = "<group>"; };
		367DB00D2AE2E6D400030A39 /* ModelView.swift */ = {isa = PBXFileReference; lastKnownFileType = sourcecode.swift; path = ModelView.swift; sourceTree = "<group>"; };
		367DB00F2AE3CCEF00030A39 /* BlueButton.swift */ = {isa = PBXFileReference; lastKnownFileType = sourcecode.swift; path = BlueButton.swift; sourceTree = "<group>"; };
		36BAA48F2AD593BE00E4B983 /* Dice.usdz */ = {isa = PBXFileReference; lastKnownFileType = file.usdz; path = Dice.usdz; sourceTree = "<group>"; };
		36BAA4932AD8183E00E4B983 /* ObjectCaptureContainerView.swift */ = {isa = PBXFileReference; lastKnownFileType = sourcecode.swift; path = ObjectCaptureContainerView.swift; sourceTree = "<group>"; };
		36BAA4952AD8184300E4B983 /* ObjectCaptureContainerViewModel.swift */ = {isa = PBXFileReference; lastKnownFileType = sourcecode.swift; path = ObjectCaptureContainerViewModel.swift; sourceTree = "<group>"; };
		36E79FD22ACF4A0500A5C8CA /* ARModel.swift */ = {isa = PBXFileReference; lastKnownFileType = sourcecode.swift; path = ARModel.swift; sourceTree = "<group>"; };
		36E79FD52ACF4B8600A5C8CA /* ARVideModel.swift */ = {isa = PBXFileReference; lastKnownFileType = sourcecode.swift; path = ARVideModel.swift; sourceTree = "<group>"; };
		36E79FDC2AD0516100A5C8CA /* RealityKitView.swift */ = {isa = PBXFileReference; lastKnownFileType = sourcecode.swift; path = RealityKitView.swift; sourceTree = "<group>"; };
		36E79FDF2AD052A400A5C8CA /* ARViewContainer.swift */ = {isa = PBXFileReference; lastKnownFileType = sourcecode.swift; path = ARViewContainer.swift; sourceTree = "<group>"; };
		36E79FE52AD0833500A5C8CA /* RealityFoundation.framework */ = {isa = PBXFileReference; lastKnownFileType = wrapper.framework; name = RealityFoundation.framework; path = System/Library/Frameworks/RealityFoundation.framework; sourceTree = SDKROOT; };
		36E79FE72AD0955800A5C8CA /* RealityKitViewModel.swift */ = {isa = PBXFileReference; lastKnownFileType = sourcecode.swift; path = RealityKitViewModel.swift; sourceTree = "<group>"; };
		36F0D0A12AD2C5BD003DF9B9 /* ARViewRepresentable.swift */ = {isa = PBXFileReference; lastKnownFileType = sourcecode.swift; path = ARViewRepresentable.swift; sourceTree = "<group>"; };
/* End PBXFileReference section */

/* Begin PBXFrameworksBuildPhase section */
		367C7E512ACF3DFA00FA18CA /* Frameworks */ = {
			isa = PBXFrameworksBuildPhase;
			buildActionMask = 2147483647;
			files = (
				36E79FE62AD0833500A5C8CA /* RealityFoundation.framework in Frameworks */,
				36E79FE32AD080FE00A5C8CA /* FocusEntity in Frameworks */,
			);
			runOnlyForDeploymentPostprocessing = 0;
		};
		367C7E612ACF3DFC00FA18CA /* Frameworks */ = {
			isa = PBXFrameworksBuildPhase;
			buildActionMask = 2147483647;
			files = (
			);
			runOnlyForDeploymentPostprocessing = 0;
		};
		367C7E6B2ACF3DFC00FA18CA /* Frameworks */ = {
			isa = PBXFrameworksBuildPhase;
			buildActionMask = 2147483647;
			files = (
			);
			runOnlyForDeploymentPostprocessing = 0;
		};
/* End PBXFrameworksBuildPhase section */

/* Begin PBXGroup section */
		365EF7BD2AD87BDC0067DE5B /* Models */ = {
			isa = PBXGroup;
			children = (
				367DAFC12ADC2BE700030A39 /* DirectoriesManager.swift */,
				367DAFC62ADC85CA00030A39 /* ObjectCaptureModel.swift */,
			);
			path = Models;
			sourceTree = "<group>";
		};
		365EF7BE2ADA913C0067DE5B /* ReconstructionView */ = {
			isa = PBXGroup;
			children = (
				365EF7BF2ADA915B0067DE5B /* ReconstructionView.swift */,
			);
			path = ReconstructionView;
			sourceTree = "<group>";
		};
		365EF7C12ADA99120067DE5B /* Container */ = {
			isa = PBXGroup;
			children = (
				36BAA4932AD8183E00E4B983 /* ObjectCaptureContainerView.swift */,
				36BAA4952AD8184300E4B983 /* ObjectCaptureContainerViewModel.swift */,
			);
			path = Container;
			sourceTree = "<group>";
		};
		367C7E4B2ACF3DFA00FA18CA = {
			isa = PBXGroup;
			children = (
				367C7E562ACF3DFA00FA18CA /* AR-VRProject */,
				367C7E672ACF3DFC00FA18CA /* AR-VRProjectTests */,
				367C7E712ACF3DFC00FA18CA /* AR-VRProjectUITests */,
				367C7E552ACF3DFA00FA18CA /* Products */,
				36E79FE42AD0833500A5C8CA /* Frameworks */,
			);
			sourceTree = "<group>";
		};
		367C7E552ACF3DFA00FA18CA /* Products */ = {
			isa = PBXGroup;
			children = (
				367C7E542ACF3DFA00FA18CA /* AR-VRProject.app */,
				367C7E642ACF3DFC00FA18CA /* AR-VRProjectTests.xctest */,
				367C7E6E2ACF3DFC00FA18CA /* AR-VRProjectUITests.xctest */,
			);
			name = Products;
			sourceTree = "<group>";
		};
		367C7E562ACF3DFA00FA18CA /* AR-VRProject */ = {
			isa = PBXGroup;
			children = (
				367C7E572ACF3DFA00FA18CA /* AppDelegate.swift */,
				367C7E592ACF3DFA00FA18CA /* ARVRToolsList.swift */,
				36E79FDE2AD0529B00A5C8CA /* ARViewContainer */,
				36E79FDB2AD0515600A5C8CA /* RealityKitView */,
				36BAA4922AD816EA00E4B983 /* ObjectCapture */,
				367C7E5B2ACF3DFC00FA18CA /* Assets.xcassets */,
				36BAA4912AD5944300E4B983 /* Resources */,
				367C7E5D2ACF3DFC00FA18CA /* Preview Content */,
			);
			path = "AR-VRProject";
			sourceTree = "<group>";
		};
		367C7E5D2ACF3DFC00FA18CA /* Preview Content */ = {
			isa = PBXGroup;
			children = (
				367C7E5E2ACF3DFC00FA18CA /* Preview Assets.xcassets */,
			);
			path = "Preview Content";
			sourceTree = "<group>";
		};
		367C7E672ACF3DFC00FA18CA /* AR-VRProjectTests */ = {
			isa = PBXGroup;
			children = (
				367C7E682ACF3DFC00FA18CA /* AR_VRProjectTests.swift */,
			);
			path = "AR-VRProjectTests";
			sourceTree = "<group>";
		};
		367C7E712ACF3DFC00FA18CA /* AR-VRProjectUITests */ = {
			isa = PBXGroup;
			children = (
				367C7E722ACF3DFC00FA18CA /* AR_VRProjectUITests.swift */,
				367C7E742ACF3DFC00FA18CA /* AR_VRProjectUITestsLaunchTests.swift */,
			);
			path = "AR-VRProjectUITests";
			sourceTree = "<group>";
		};
		367DAFC32ADC71EC00030A39 /* ProgressView */ = {
			isa = PBXGroup;
			children = (
				367DAFC42ADC71FB00030A39 /* ProgressView.swift */,
				367DB00F2AE3CCEF00030A39 /* BlueButton.swift */,
			);
			path = ProgressView;
			sourceTree = "<group>";
		};
		367DB0092ADF04A100030A39 /* AuxiliaryViews */ = {
			isa = PBXGroup;
			children = (
				367DB00A2ADF04B300030A39 /* GradientBackgroundView.swift */,
			);
			path = AuxiliaryViews;
			sourceTree = "<group>";
		};
		367DB00C2AE2E6C800030A39 /* ModelView */ = {
			isa = PBXGroup;
			children = (
				367DB00D2AE2E6D400030A39 /* ModelView.swift */,
			);
			path = ModelView;
			sourceTree = "<group>";
		};
		36BAA4912AD5944300E4B983 /* Resources */ = {
			isa = PBXGroup;
			children = (
				36BAA48F2AD593BE00E4B983 /* Dice.usdz */,
			);
			path = Resources;
			sourceTree = "<group>";
		};
		36BAA4922AD816EA00E4B983 /* ObjectCapture */ = {
			isa = PBXGroup;
			children = (
				365EF7C12ADA99120067DE5B /* Container */,
				367DB00C2AE2E6C800030A39 /* ModelView */,
				365EF7BE2ADA913C0067DE5B /* ReconstructionView */,
				367DAFC32ADC71EC00030A39 /* ProgressView */,
				367DB0092ADF04A100030A39 /* AuxiliaryViews */,
				365EF7BD2AD87BDC0067DE5B /* Models */,
			);
			path = ObjectCapture;
			sourceTree = "<group>";
		};
		36E79FDB2AD0515600A5C8CA /* RealityKitView */ = {
			isa = PBXGroup;
			children = (
				36E79FDC2AD0516100A5C8CA /* RealityKitView.swift */,
				36E79FE72AD0955800A5C8CA /* RealityKitViewModel.swift */,
			);
			path = RealityKitView;
			sourceTree = "<group>";
		};
		36E79FDE2AD0529B00A5C8CA /* ARViewContainer */ = {
			isa = PBXGroup;
			children = (
				36E79FDF2AD052A400A5C8CA /* ARViewContainer.swift */,
				36F0D0A12AD2C5BD003DF9B9 /* ARViewRepresentable.swift */,
				36E79FD52ACF4B8600A5C8CA /* ARVideModel.swift */,
				36E79FD22ACF4A0500A5C8CA /* ARModel.swift */,
			);
			path = ARViewContainer;
			sourceTree = "<group>";
		};
		36E79FE42AD0833500A5C8CA /* Frameworks */ = {
			isa = PBXGroup;
			children = (
				36E79FE52AD0833500A5C8CA /* RealityFoundation.framework */,
			);
			name = Frameworks;
			sourceTree = "<group>";
		};
/* End PBXGroup section */

/* Begin PBXNativeTarget section */
		367C7E532ACF3DFA00FA18CA /* AR-VRProject */ = {
			isa = PBXNativeTarget;
			buildConfigurationList = 367C7E782ACF3DFC00FA18CA /* Build configuration list for PBXNativeTarget "AR-VRProject" */;
			buildPhases = (
				367C7E502ACF3DFA00FA18CA /* Sources */,
				367C7E512ACF3DFA00FA18CA /* Frameworks */,
				367C7E522ACF3DFA00FA18CA /* Resources */,
			);
			buildRules = (
			);
			dependencies = (
			);
			name = "AR-VRProject";
			packageProductDependencies = (
				36E79FE22AD080FE00A5C8CA /* FocusEntity */,
			);
			productName = "AR-VRProject";
			productReference = 367C7E542ACF3DFA00FA18CA /* AR-VRProject.app */;
			productType = "com.apple.product-type.application";
		};
		367C7E632ACF3DFC00FA18CA /* AR-VRProjectTests */ = {
			isa = PBXNativeTarget;
			buildConfigurationList = 367C7E7B2ACF3DFC00FA18CA /* Build configuration list for PBXNativeTarget "AR-VRProjectTests" */;
			buildPhases = (
				367C7E602ACF3DFC00FA18CA /* Sources */,
				367C7E612ACF3DFC00FA18CA /* Frameworks */,
				367C7E622ACF3DFC00FA18CA /* Resources */,
			);
			buildRules = (
			);
			dependencies = (
				367C7E662ACF3DFC00FA18CA /* PBXTargetDependency */,
			);
			name = "AR-VRProjectTests";
			productName = "AR-VRProjectTests";
			productReference = 367C7E642ACF3DFC00FA18CA /* AR-VRProjectTests.xctest */;
			productType = "com.apple.product-type.bundle.unit-test";
		};
		367C7E6D2ACF3DFC00FA18CA /* AR-VRProjectUITests */ = {
			isa = PBXNativeTarget;
			buildConfigurationList = 367C7E7E2ACF3DFC00FA18CA /* Build configuration list for PBXNativeTarget "AR-VRProjectUITests" */;
			buildPhases = (
				367C7E6A2ACF3DFC00FA18CA /* Sources */,
				367C7E6B2ACF3DFC00FA18CA /* Frameworks */,
				367C7E6C2ACF3DFC00FA18CA /* Resources */,
			);
			buildRules = (
			);
			dependencies = (
				367C7E702ACF3DFC00FA18CA /* PBXTargetDependency */,
			);
			name = "AR-VRProjectUITests";
			productName = "AR-VRProjectUITests";
			productReference = 367C7E6E2ACF3DFC00FA18CA /* AR-VRProjectUITests.xctest */;
			productType = "com.apple.product-type.bundle.ui-testing";
		};
/* End PBXNativeTarget section */

/* Begin PBXProject section */
		367C7E4C2ACF3DFA00FA18CA /* Project object */ = {
			isa = PBXProject;
			attributes = {
				BuildIndependentTargetsInParallel = 1;
				LastSwiftUpdateCheck = 1500;
				LastUpgradeCheck = 1500;
				TargetAttributes = {
					367C7E532ACF3DFA00FA18CA = {
						CreatedOnToolsVersion = 15.0;
					};
					367C7E632ACF3DFC00FA18CA = {
						CreatedOnToolsVersion = 15.0;
						TestTargetID = 367C7E532ACF3DFA00FA18CA;
					};
					367C7E6D2ACF3DFC00FA18CA = {
						CreatedOnToolsVersion = 15.0;
						TestTargetID = 367C7E532ACF3DFA00FA18CA;
					};
				};
			};
			buildConfigurationList = 367C7E4F2ACF3DFA00FA18CA /* Build configuration list for PBXProject "AR-VRProject" */;
			compatibilityVersion = "Xcode 14.0";
			developmentRegion = en;
			hasScannedForEncodings = 0;
			knownRegions = (
				en,
				Base,
			);
			mainGroup = 367C7E4B2ACF3DFA00FA18CA;
			packageReferences = (
				36E79FE12AD080FE00A5C8CA /* XCRemoteSwiftPackageReference "FocusEntity" */,
			);
			productRefGroup = 367C7E552ACF3DFA00FA18CA /* Products */;
			projectDirPath = "";
			projectRoot = "";
			targets = (
				367C7E532ACF3DFA00FA18CA /* AR-VRProject */,
				367C7E632ACF3DFC00FA18CA /* AR-VRProjectTests */,
				367C7E6D2ACF3DFC00FA18CA /* AR-VRProjectUITests */,
			);
		};
/* End PBXProject section */

/* Begin PBXResourcesBuildPhase section */
		367C7E522ACF3DFA00FA18CA /* Resources */ = {
			isa = PBXResourcesBuildPhase;
			buildActionMask = 2147483647;
			files = (
				367C7E5F2ACF3DFC00FA18CA /* Preview Assets.xcassets in Resources */,
				367C7E5C2ACF3DFC00FA18CA /* Assets.xcassets in Resources */,
				36BAA4902AD593BE00E4B983 /* Dice.usdz in Resources */,
			);
			runOnlyForDeploymentPostprocessing = 0;
		};
		367C7E622ACF3DFC00FA18CA /* Resources */ = {
			isa = PBXResourcesBuildPhase;
			buildActionMask = 2147483647;
			files = (
			);
			runOnlyForDeploymentPostprocessing = 0;
		};
		367C7E6C2ACF3DFC00FA18CA /* Resources */ = {
			isa = PBXResourcesBuildPhase;
			buildActionMask = 2147483647;
			files = (
			);
			runOnlyForDeploymentPostprocessing = 0;
		};
/* End PBXResourcesBuildPhase section */

/* Begin PBXSourcesBuildPhase section */
		367C7E502ACF3DFA00FA18CA /* Sources */ = {
			isa = PBXSourcesBuildPhase;
			buildActionMask = 2147483647;
			files = (
				36E79FD62ACF4B8600A5C8CA /* ARVideModel.swift in Sources */,
				36E79FDD2AD0516100A5C8CA /* RealityKitView.swift in Sources */,
				36E79FD32ACF4A0500A5C8CA /* ARModel.swift in Sources */,
				36BAA4942AD8183E00E4B983 /* ObjectCaptureContainerView.swift in Sources */,
				367C7E5A2ACF3DFA00FA18CA /* ARVRToolsList.swift in Sources */,
				367DAFC72ADC85CA00030A39 /* ObjectCaptureModel.swift in Sources */,
				367DB00E2AE2E6D400030A39 /* ModelView.swift in Sources */,
				36BAA4962AD8184300E4B983 /* ObjectCaptureContainerViewModel.swift in Sources */,
				367DB0102AE3CCEF00030A39 /* BlueButton.swift in Sources */,
				367C7E582ACF3DFA00FA18CA /* AppDelegate.swift in Sources */,
				36E79FE82AD0955800A5C8CA /* RealityKitViewModel.swift in Sources */,
				367DB00B2ADF04B300030A39 /* GradientBackgroundView.swift in Sources */,
				36F0D0A22AD2C5BD003DF9B9 /* ARViewRepresentable.swift in Sources */,
				36E79FE02AD052A400A5C8CA /* ARViewContainer.swift in Sources */,
				365EF7C02ADA915B0067DE5B /* ReconstructionView.swift in Sources */,
				367DAFC22ADC2BE700030A39 /* DirectoriesManager.swift in Sources */,
				367DAFC52ADC71FB00030A39 /* ProgressView.swift in Sources */,
			);
			runOnlyForDeploymentPostprocessing = 0;
		};
		367C7E602ACF3DFC00FA18CA /* Sources */ = {
			isa = PBXSourcesBuildPhase;
			buildActionMask = 2147483647;
			files = (
				367C7E692ACF3DFC00FA18CA /* AR_VRProjectTests.swift in Sources */,
			);
			runOnlyForDeploymentPostprocessing = 0;
		};
		367C7E6A2ACF3DFC00FA18CA /* Sources */ = {
			isa = PBXSourcesBuildPhase;
			buildActionMask = 2147483647;
			files = (
				367C7E732ACF3DFC00FA18CA /* AR_VRProjectUITests.swift in Sources */,
				367C7E752ACF3DFC00FA18CA /* AR_VRProjectUITestsLaunchTests.swift in Sources */,
			);
			runOnlyForDeploymentPostprocessing = 0;
		};
/* End PBXSourcesBuildPhase section */

/* Begin PBXTargetDependency section */
		367C7E662ACF3DFC00FA18CA /* PBXTargetDependency */ = {
			isa = PBXTargetDependency;
			target = 367C7E532ACF3DFA00FA18CA /* AR-VRProject */;
			targetProxy = 367C7E652ACF3DFC00FA18CA /* PBXContainerItemProxy */;
		};
		367C7E702ACF3DFC00FA18CA /* PBXTargetDependency */ = {
			isa = PBXTargetDependency;
			target = 367C7E532ACF3DFA00FA18CA /* AR-VRProject */;
			targetProxy = 367C7E6F2ACF3DFC00FA18CA /* PBXContainerItemProxy */;
		};
/* End PBXTargetDependency section */

/* Begin XCBuildConfiguration section */
		367C7E762ACF3DFC00FA18CA /* Debug */ = {
			isa = XCBuildConfiguration;
			buildSettings = {
				ALWAYS_SEARCH_USER_PATHS = NO;
				ASSETCATALOG_COMPILER_GENERATE_SWIFT_ASSET_SYMBOL_EXTENSIONS = YES;
				CLANG_ANALYZER_NONNULL = YES;
				CLANG_ANALYZER_NUMBER_OBJECT_CONVERSION = YES_AGGRESSIVE;
				CLANG_CXX_LANGUAGE_STANDARD = "gnu++20";
				CLANG_ENABLE_MODULES = YES;
				CLANG_ENABLE_OBJC_ARC = YES;
				CLANG_ENABLE_OBJC_WEAK = YES;
				CLANG_WARN_BLOCK_CAPTURE_AUTORELEASING = YES;
				CLANG_WARN_BOOL_CONVERSION = YES;
				CLANG_WARN_COMMA = YES;
				CLANG_WARN_CONSTANT_CONVERSION = YES;
				CLANG_WARN_DEPRECATED_OBJC_IMPLEMENTATIONS = YES;
				CLANG_WARN_DIRECT_OBJC_ISA_USAGE = YES_ERROR;
				CLANG_WARN_DOCUMENTATION_COMMENTS = YES;
				CLANG_WARN_EMPTY_BODY = YES;
				CLANG_WARN_ENUM_CONVERSION = YES;
				CLANG_WARN_INFINITE_RECURSION = YES;
				CLANG_WARN_INT_CONVERSION = YES;
				CLANG_WARN_NON_LITERAL_NULL_CONVERSION = YES;
				CLANG_WARN_OBJC_IMPLICIT_RETAIN_SELF = YES;
				CLANG_WARN_OBJC_LITERAL_CONVERSION = YES;
				CLANG_WARN_OBJC_ROOT_CLASS = YES_ERROR;
				CLANG_WARN_QUOTED_INCLUDE_IN_FRAMEWORK_HEADER = YES;
				CLANG_WARN_RANGE_LOOP_ANALYSIS = YES;
				CLANG_WARN_STRICT_PROTOTYPES = YES;
				CLANG_WARN_SUSPICIOUS_MOVE = YES;
				CLANG_WARN_UNGUARDED_AVAILABILITY = YES_AGGRESSIVE;
				CLANG_WARN_UNREACHABLE_CODE = YES;
				CLANG_WARN__DUPLICATE_METHOD_MATCH = YES;
				COPY_PHASE_STRIP = NO;
				DEBUG_INFORMATION_FORMAT = dwarf;
				ENABLE_STRICT_OBJC_MSGSEND = YES;
				ENABLE_TESTABILITY = YES;
				ENABLE_USER_SCRIPT_SANDBOXING = YES;
				GCC_C_LANGUAGE_STANDARD = gnu17;
				GCC_DYNAMIC_NO_PIC = NO;
				GCC_NO_COMMON_BLOCKS = YES;
				GCC_OPTIMIZATION_LEVEL = 0;
				GCC_PREPROCESSOR_DEFINITIONS = (
					"DEBUG=1",
					"$(inherited)",
				);
				GCC_WARN_64_TO_32_BIT_CONVERSION = YES;
				GCC_WARN_ABOUT_RETURN_TYPE = YES_ERROR;
				GCC_WARN_UNDECLARED_SELECTOR = YES;
				GCC_WARN_UNINITIALIZED_AUTOS = YES_AGGRESSIVE;
				GCC_WARN_UNUSED_FUNCTION = YES;
				GCC_WARN_UNUSED_VARIABLE = YES;
				IPHONEOS_DEPLOYMENT_TARGET = 17.0;
				LOCALIZATION_PREFERS_STRING_CATALOGS = YES;
				MTL_ENABLE_DEBUG_INFO = INCLUDE_SOURCE;
				MTL_FAST_MATH = YES;
				ONLY_ACTIVE_ARCH = YES;
				SDKROOT = iphoneos;
				SWIFT_ACTIVE_COMPILATION_CONDITIONS = "DEBUG $(inherited)";
				SWIFT_OPTIMIZATION_LEVEL = "-Onone";
			};
			name = Debug;
		};
		367C7E772ACF3DFC00FA18CA /* Release */ = {
			isa = XCBuildConfiguration;
			buildSettings = {
				ALWAYS_SEARCH_USER_PATHS = NO;
				ASSETCATALOG_COMPILER_GENERATE_SWIFT_ASSET_SYMBOL_EXTENSIONS = YES;
				CLANG_ANALYZER_NONNULL = YES;
				CLANG_ANALYZER_NUMBER_OBJECT_CONVERSION = YES_AGGRESSIVE;
				CLANG_CXX_LANGUAGE_STANDARD = "gnu++20";
				CLANG_ENABLE_MODULES = YES;
				CLANG_ENABLE_OBJC_ARC = YES;
				CLANG_ENABLE_OBJC_WEAK = YES;
				CLANG_WARN_BLOCK_CAPTURE_AUTORELEASING = YES;
				CLANG_WARN_BOOL_CONVERSION = YES;
				CLANG_WARN_COMMA = YES;
				CLANG_WARN_CONSTANT_CONVERSION = YES;
				CLANG_WARN_DEPRECATED_OBJC_IMPLEMENTATIONS = YES;
				CLANG_WARN_DIRECT_OBJC_ISA_USAGE = YES_ERROR;
				CLANG_WARN_DOCUMENTATION_COMMENTS = YES;
				CLANG_WARN_EMPTY_BODY = YES;
				CLANG_WARN_ENUM_CONVERSION = YES;
				CLANG_WARN_INFINITE_RECURSION = YES;
				CLANG_WARN_INT_CONVERSION = YES;
				CLANG_WARN_NON_LITERAL_NULL_CONVERSION = YES;
				CLANG_WARN_OBJC_IMPLICIT_RETAIN_SELF = YES;
				CLANG_WARN_OBJC_LITERAL_CONVERSION = YES;
				CLANG_WARN_OBJC_ROOT_CLASS = YES_ERROR;
				CLANG_WARN_QUOTED_INCLUDE_IN_FRAMEWORK_HEADER = YES;
				CLANG_WARN_RANGE_LOOP_ANALYSIS = YES;
				CLANG_WARN_STRICT_PROTOTYPES = YES;
				CLANG_WARN_SUSPICIOUS_MOVE = YES;
				CLANG_WARN_UNGUARDED_AVAILABILITY = YES_AGGRESSIVE;
				CLANG_WARN_UNREACHABLE_CODE = YES;
				CLANG_WARN__DUPLICATE_METHOD_MATCH = YES;
				COPY_PHASE_STRIP = NO;
				DEBUG_INFORMATION_FORMAT = "dwarf-with-dsym";
				ENABLE_NS_ASSERTIONS = NO;
				ENABLE_STRICT_OBJC_MSGSEND = YES;
				ENABLE_USER_SCRIPT_SANDBOXING = YES;
				GCC_C_LANGUAGE_STANDARD = gnu17;
				GCC_NO_COMMON_BLOCKS = YES;
				GCC_WARN_64_TO_32_BIT_CONVERSION = YES;
				GCC_WARN_ABOUT_RETURN_TYPE = YES_ERROR;
				GCC_WARN_UNDECLARED_SELECTOR = YES;
				GCC_WARN_UNINITIALIZED_AUTOS = YES_AGGRESSIVE;
				GCC_WARN_UNUSED_FUNCTION = YES;
				GCC_WARN_UNUSED_VARIABLE = YES;
				IPHONEOS_DEPLOYMENT_TARGET = 17.0;
				LOCALIZATION_PREFERS_STRING_CATALOGS = YES;
				MTL_ENABLE_DEBUG_INFO = NO;
				MTL_FAST_MATH = YES;
				SDKROOT = iphoneos;
				SWIFT_COMPILATION_MODE = wholemodule;
				VALIDATE_PRODUCT = YES;
			};
			name = Release;
		};
		367C7E792ACF3DFC00FA18CA /* Debug */ = {
			isa = XCBuildConfiguration;
			buildSettings = {
				ASSETCATALOG_COMPILER_APPICON_NAME = AppIcon;
				ASSETCATALOG_COMPILER_GLOBAL_ACCENT_COLOR_NAME = AccentColor;
				CODE_SIGN_STYLE = Automatic;
				CURRENT_PROJECT_VERSION = 1;
				DEVELOPMENT_ASSET_PATHS = "\"AR-VRProject/Preview Content\"";
				DEVELOPMENT_TEAM = SNX9U3HWNN;
				ENABLE_PREVIEWS = YES;
				GENERATE_INFOPLIST_FILE = YES;
				INFOPLIST_KEY_NSCameraUsageDescription = "AR experience requires access to Camera";
				INFOPLIST_KEY_UIApplicationSupportsIndirectInputEvents = YES;
				INFOPLIST_KEY_UILaunchScreen_Generation = YES;
				INFOPLIST_KEY_UIRequiredDeviceCapabilities = arkit;
				INFOPLIST_KEY_UIStatusBarHidden = YES;
				INFOPLIST_KEY_UISupportedInterfaceOrientations = UIInterfaceOrientationPortrait;
				INFOPLIST_KEY_UISupportedInterfaceOrientations_iPad = "UIInterfaceOrientationLandscapeLeft UIInterfaceOrientationLandscapeRight UIInterfaceOrientationPortrait UIInterfaceOrientationPortraitUpsideDown";
				LD_RUNPATH_SEARCH_PATHS = (
					"$(inherited)",
					"@executable_path/Frameworks",
				);
				MARKETING_VERSION = 1.0;
				PRODUCT_BUNDLE_IDENTIFIER = "vladimirStasenko.AR-VRProject";
				PRODUCT_NAME = "$(TARGET_NAME)";
				SWIFT_EMIT_LOC_STRINGS = YES;
				SWIFT_VERSION = 5.0;
				TARGETED_DEVICE_FAMILY = "1,2";
			};
			name = Debug;
		};
		367C7E7A2ACF3DFC00FA18CA /* Release */ = {
			isa = XCBuildConfiguration;
			buildSettings = {
				ASSETCATALOG_COMPILER_APPICON_NAME = AppIcon;
				ASSETCATALOG_COMPILER_GLOBAL_ACCENT_COLOR_NAME = AccentColor;
				CODE_SIGN_STYLE = Automatic;
				CURRENT_PROJECT_VERSION = 1;
				DEVELOPMENT_ASSET_PATHS = "\"AR-VRProject/Preview Content\"";
				DEVELOPMENT_TEAM = SNX9U3HWNN;
				ENABLE_PREVIEWS = YES;
				GENERATE_INFOPLIST_FILE = YES;
				INFOPLIST_KEY_NSCameraUsageDescription = "AR experience requires access to Camera";
				INFOPLIST_KEY_UIApplicationSupportsIndirectInputEvents = YES;
				INFOPLIST_KEY_UILaunchScreen_Generation = YES;
				INFOPLIST_KEY_UIRequiredDeviceCapabilities = arkit;
				INFOPLIST_KEY_UIStatusBarHidden = YES;
				INFOPLIST_KEY_UISupportedInterfaceOrientations = UIInterfaceOrientationPortrait;
				INFOPLIST_KEY_UISupportedInterfaceOrientations_iPad = "UIInterfaceOrientationLandscapeLeft UIInterfaceOrientationLandscapeRight UIInterfaceOrientationPortrait UIInterfaceOrientationPortraitUpsideDown";
				LD_RUNPATH_SEARCH_PATHS = (
					"$(inherited)",
					"@executable_path/Frameworks",
				);
				MARKETING_VERSION = 1.0;
				PRODUCT_BUNDLE_IDENTIFIER = "vladimirStasenko.AR-VRProject";
				PRODUCT_NAME = "$(TARGET_NAME)";
				SWIFT_EMIT_LOC_STRINGS = YES;
				SWIFT_VERSION = 5.0;
				TARGETED_DEVICE_FAMILY = "1,2";
			};
			name = Release;
		};
		367C7E7C2ACF3DFC00FA18CA /* Debug */ = {
			isa = XCBuildConfiguration;
			buildSettings = {
				ALWAYS_EMBED_SWIFT_STANDARD_LIBRARIES = YES;
				BUNDLE_LOADER = "$(TEST_HOST)";
				CODE_SIGN_STYLE = Automatic;
				CURRENT_PROJECT_VERSION = 1;
				DEVELOPMENT_TEAM = SNX9U3HWNN;
				GENERATE_INFOPLIST_FILE = YES;
				IPHONEOS_DEPLOYMENT_TARGET = 17.0;
				MARKETING_VERSION = 1.0;
				PRODUCT_BUNDLE_IDENTIFIER = "vladimirStasenko.AR-VRProjectTests";
				PRODUCT_NAME = "$(TARGET_NAME)";
				SWIFT_EMIT_LOC_STRINGS = NO;
				SWIFT_VERSION = 5.0;
				TARGETED_DEVICE_FAMILY = "1,2";
				TEST_HOST = "$(BUILT_PRODUCTS_DIR)/AR-VRProject.app/$(BUNDLE_EXECUTABLE_FOLDER_PATH)/AR-VRProject";
			};
			name = Debug;
		};
		367C7E7D2ACF3DFC00FA18CA /* Release */ = {
			isa = XCBuildConfiguration;
			buildSettings = {
				ALWAYS_EMBED_SWIFT_STANDARD_LIBRARIES = YES;
				BUNDLE_LOADER = "$(TEST_HOST)";
				CODE_SIGN_STYLE = Automatic;
				CURRENT_PROJECT_VERSION = 1;
				DEVELOPMENT_TEAM = SNX9U3HWNN;
				GENERATE_INFOPLIST_FILE = YES;
				IPHONEOS_DEPLOYMENT_TARGET = 17.0;
				MARKETING_VERSION = 1.0;
				PRODUCT_BUNDLE_IDENTIFIER = "vladimirStasenko.AR-VRProjectTests";
				PRODUCT_NAME = "$(TARGET_NAME)";
				SWIFT_EMIT_LOC_STRINGS = NO;
				SWIFT_VERSION = 5.0;
				TARGETED_DEVICE_FAMILY = "1,2";
				TEST_HOST = "$(BUILT_PRODUCTS_DIR)/AR-VRProject.app/$(BUNDLE_EXECUTABLE_FOLDER_PATH)/AR-VRProject";
			};
			name = Release;
		};
		367C7E7F2ACF3DFC00FA18CA /* Debug */ = {
			isa = XCBuildConfiguration;
			buildSettings = {
				ALWAYS_EMBED_SWIFT_STANDARD_LIBRARIES = YES;
				CODE_SIGN_STYLE = Automatic;
				CURRENT_PROJECT_VERSION = 1;
				DEVELOPMENT_TEAM = SNX9U3HWNN;
				GENERATE_INFOPLIST_FILE = YES;
				MARKETING_VERSION = 1.0;
				PRODUCT_BUNDLE_IDENTIFIER = "vladimirStasenko.AR-VRProjectUITests";
				PRODUCT_NAME = "$(TARGET_NAME)";
				SWIFT_EMIT_LOC_STRINGS = NO;
				SWIFT_VERSION = 5.0;
				TARGETED_DEVICE_FAMILY = "1,2";
				TEST_TARGET_NAME = "AR-VRProject";
			};
			name = Debug;
		};
		367C7E802ACF3DFC00FA18CA /* Release */ = {
			isa = XCBuildConfiguration;
			buildSettings = {
				ALWAYS_EMBED_SWIFT_STANDARD_LIBRARIES = YES;
				CODE_SIGN_STYLE = Automatic;
				CURRENT_PROJECT_VERSION = 1;
				DEVELOPMENT_TEAM = SNX9U3HWNN;
				GENERATE_INFOPLIST_FILE = YES;
				MARKETING_VERSION = 1.0;
				PRODUCT_BUNDLE_IDENTIFIER = "vladimirStasenko.AR-VRProjectUITests";
				PRODUCT_NAME = "$(TARGET_NAME)";
				SWIFT_EMIT_LOC_STRINGS = NO;
				SWIFT_VERSION = 5.0;
				TARGETED_DEVICE_FAMILY = "1,2";
				TEST_TARGET_NAME = "AR-VRProject";
			};
			name = Release;
		};
/* End XCBuildConfiguration section */

/* Begin XCConfigurationList section */
		367C7E4F2ACF3DFA00FA18CA /* Build configuration list for PBXProject "AR-VRProject" */ = {
			isa = XCConfigurationList;
			buildConfigurations = (
				367C7E762ACF3DFC00FA18CA /* Debug */,
				367C7E772ACF3DFC00FA18CA /* Release */,
			);
			defaultConfigurationIsVisible = 0;
			defaultConfigurationName = Release;
		};
		367C7E782ACF3DFC00FA18CA /* Build configuration list for PBXNativeTarget "AR-VRProject" */ = {
			isa = XCConfigurationList;
			buildConfigurations = (
				367C7E792ACF3DFC00FA18CA /* Debug */,
				367C7E7A2ACF3DFC00FA18CA /* Release */,
			);
			defaultConfigurationIsVisible = 0;
			defaultConfigurationName = Release;
		};
		367C7E7B2ACF3DFC00FA18CA /* Build configuration list for PBXNativeTarget "AR-VRProjectTests" */ = {
			isa = XCConfigurationList;
			buildConfigurations = (
				367C7E7C2ACF3DFC00FA18CA /* Debug */,
				367C7E7D2ACF3DFC00FA18CA /* Release */,
			);
			defaultConfigurationIsVisible = 0;
			defaultConfigurationName = Release;
		};
		367C7E7E2ACF3DFC00FA18CA /* Build configuration list for PBXNativeTarget "AR-VRProjectUITests" */ = {
			isa = XCConfigurationList;
			buildConfigurations = (
				367C7E7F2ACF3DFC00FA18CA /* Debug */,
				367C7E802ACF3DFC00FA18CA /* Release */,
			);
			defaultConfigurationIsVisible = 0;
			defaultConfigurationName = Release;
		};
/* End XCConfigurationList section */

/* Begin XCRemoteSwiftPackageReference section */
		36E79FE12AD080FE00A5C8CA /* XCRemoteSwiftPackageReference "FocusEntity" */ = {
			isa = XCRemoteSwiftPackageReference;
			repositoryURL = "https://github.com/maxxfrazer/FocusEntity";
			requirement = {
				kind = upToNextMajorVersion;
				minimumVersion = 2.5.0;
			};
		};
/* End XCRemoteSwiftPackageReference section */

/* Begin XCSwiftPackageProductDependency section */
		36E79FE22AD080FE00A5C8CA /* FocusEntity */ = {
			isa = XCSwiftPackageProductDependency;
			package = 36E79FE12AD080FE00A5C8CA /* XCRemoteSwiftPackageReference "FocusEntity" */;
			productName = FocusEntity;
		};
/* End XCSwiftPackageProductDependency section */
	};
	rootObject = 367C7E4C2ACF3DFA00FA18CA /* Project object */;
}
