// !$*UTF8*$!
{
	archiveVersion = 1;
	classes = {
	};
	objectVersion = 56;
	objects = {

/* Begin PBXBuildFile section */
		367C7E212ACF38E200FA18CA /* AR_VRApp.swift in Sources */ = {isa = PBXBuildFile; fileRef = 367C7E202ACF38E200FA18CA /* AR_VRApp.swift */; };
		367C7E232ACF38E200FA18CA /* ContentView.swift in Sources */ = {isa = PBXBuildFile; fileRef = 367C7E222ACF38E200FA18CA /* ContentView.swift */; };
		367C7E252ACF38E300FA18CA /* Assets.xcassets in Resources */ = {isa = PBXBuildFile; fileRef = 367C7E242ACF38E300FA18CA /* Assets.xcassets */; };
		367C7E292ACF38E300FA18CA /* Preview Assets.xcassets in Resources */ = {isa = PBXBuildFile; fileRef = 367C7E282ACF38E300FA18CA /* Preview Assets.xcassets */; };
		367C7E332ACF38E300FA18CA /* AR_VRTests.swift in Sources */ = {isa = PBXBuildFile; fileRef = 367C7E322ACF38E300FA18CA /* AR_VRTests.swift */; };
		367C7E3D2ACF38E300FA18CA /* AR_VRUITests.swift in Sources */ = {isa = PBXBuildFile; fileRef = 367C7E3C2ACF38E300FA18CA /* AR_VRUITests.swift */; };
		367C7E3F2ACF38E300FA18CA /* AR_VRUITestsLaunchTests.swift in Sources */ = {isa = PBXBuildFile; fileRef = 367C7E3E2ACF38E300FA18CA /* AR_VRUITestsLaunchTests.swift */; };
/* End PBXBuildFile section */

/* Begin PBXContainerItemProxy section */
		367C7E2F2ACF38E300FA18CA /* PBXContainerItemProxy */ = {
			isa = PBXContainerItemProxy;
			containerPortal = 367C7E152ACF38E200FA18CA /* Project object */;
			proxyType = 1;
			remoteGlobalIDString = 367C7E1C2ACF38E200FA18CA;
			remoteInfo = AR_VR;
		};
		367C7E392ACF38E300FA18CA /* PBXContainerItemProxy */ = {
			isa = PBXContainerItemProxy;
			containerPortal = 367C7E152ACF38E200FA18CA /* Project object */;
			proxyType = 1;
			remoteGlobalIDString = 367C7E1C2ACF38E200FA18CA;
			remoteInfo = AR_VR;
		};
/* End PBXContainerItemProxy section */

/* Begin PBXFileReference section */
		367C7E1D2ACF38E200FA18CA /* AR_VR.app */ = {isa = PBXFileReference; explicitFileType = wrapper.application; includeInIndex = 0; path = AR_VR.app; sourceTree = BUILT_PRODUCTS_DIR; };
		367C7E202ACF38E200FA18CA /* AR_VRApp.swift */ = {isa = PBXFileReference; lastKnownFileType = sourcecode.swift; path = AR_VRApp.swift; sourceTree = "<group>"; };
		367C7E222ACF38E200FA18CA /* ContentView.swift */ = {isa = PBXFileReference; lastKnownFileType = sourcecode.swift; path = ContentView.swift; sourceTree = "<group>"; };
		367C7E242ACF38E300FA18CA /* Assets.xcassets */ = {isa = PBXFileReference; lastKnownFileType = folder.assetcatalog; path = Assets.xcassets; sourceTree = "<group>"; };
		367C7E262ACF38E300FA18CA /* AR_VR.entitlements */ = {isa = PBXFileReference; lastKnownFileType = text.plist.entitlements; path = AR_VR.entitlements; sourceTree = "<group>"; };
		367C7E282ACF38E300FA18CA /* Preview Assets.xcassets */ = {isa = PBXFileReference; lastKnownFileType = folder.assetcatalog; path = "Preview Assets.xcassets"; sourceTree = "<group>"; };
		367C7E2E2ACF38E300FA18CA /* AR_VRTests.xctest */ = {isa = PBXFileReference; explicitFileType = wrapper.cfbundle; includeInIndex = 0; path = AR_VRTests.xctest; sourceTree = BUILT_PRODUCTS_DIR; };
		367C7E322ACF38E300FA18CA /* AR_VRTests.swift */ = {isa = PBXFileReference; lastKnownFileType = sourcecode.swift; path = AR_VRTests.swift; sourceTree = "<group>"; };
		367C7E382ACF38E300FA18CA /* AR_VRUITests.xctest */ = {isa = PBXFileReference; explicitFileType = wrapper.cfbundle; includeInIndex = 0; path = AR_VRUITests.xctest; sourceTree = BUILT_PRODUCTS_DIR; };
		367C7E3C2ACF38E300FA18CA /* AR_VRUITests.swift */ = {isa = PBXFileReference; lastKnownFileType = sourcecode.swift; path = AR_VRUITests.swift; sourceTree = "<group>"; };
		367C7E3E2ACF38E300FA18CA /* AR_VRUITestsLaunchTests.swift */ = {isa = PBXFileReference; lastKnownFileType = sourcecode.swift; path = AR_VRUITestsLaunchTests.swift; sourceTree = "<group>"; };
/* End PBXFileReference section */

/* Begin PBXFrameworksBuildPhase section */
		367C7E1A2ACF38E200FA18CA /* Frameworks */ = {
			isa = PBXFrameworksBuildPhase;
			buildActionMask = 2147483647;
			files = (
			);
			runOnlyForDeploymentPostprocessing = 0;
		};
		367C7E2B2ACF38E300FA18CA /* Frameworks */ = {
			isa = PBXFrameworksBuildPhase;
			buildActionMask = 2147483647;
			files = (
			);
			runOnlyForDeploymentPostprocessing = 0;
		};
		367C7E352ACF38E300FA18CA /* Frameworks */ = {
			isa = PBXFrameworksBuildPhase;
			buildActionMask = 2147483647;
			files = (
			);
			runOnlyForDeploymentPostprocessing = 0;
		};
/* End PBXFrameworksBuildPhase section */

/* Begin PBXGroup section */
		367C7E142ACF38E200FA18CA = {
			isa = PBXGroup;
			children = (
				367C7E1F2ACF38E200FA18CA /* AR_VR */,
				367C7E312ACF38E300FA18CA /* AR_VRTests */,
				367C7E3B2ACF38E300FA18CA /* AR_VRUITests */,
				367C7E1E2ACF38E200FA18CA /* Products */,
			);
			sourceTree = "<group>";
		};
		367C7E1E2ACF38E200FA18CA /* Products */ = {
			isa = PBXGroup;
			children = (
				367C7E1D2ACF38E200FA18CA /* AR_VR.app */,
				367C7E2E2ACF38E300FA18CA /* AR_VRTests.xctest */,
				367C7E382ACF38E300FA18CA /* AR_VRUITests.xctest */,
			);
			name = Products;
			sourceTree = "<group>";
		};
		367C7E1F2ACF38E200FA18CA /* AR_VR */ = {
			isa = PBXGroup;
			children = (
				367C7E202ACF38E200FA18CA /* AR_VRApp.swift */,
				367C7E222ACF38E200FA18CA /* ContentView.swift */,
				367C7E242ACF38E300FA18CA /* Assets.xcassets */,
				367C7E262ACF38E300FA18CA /* AR_VR.entitlements */,
				367C7E272ACF38E300FA18CA /* Preview Content */,
			);
			path = AR_VR;
			sourceTree = "<group>";
		};
		367C7E272ACF38E300FA18CA /* Preview Content */ = {
			isa = PBXGroup;
			children = (
				367C7E282ACF38E300FA18CA /* Preview Assets.xcassets */,
			);
			path = "Preview Content";
			sourceTree = "<group>";
		};
		367C7E312ACF38E300FA18CA /* AR_VRTests */ = {
			isa = PBXGroup;
			children = (
				367C7E322ACF38E300FA18CA /* AR_VRTests.swift */,
			);
			path = AR_VRTests;
			sourceTree = "<group>";
		};
		367C7E3B2ACF38E300FA18CA /* AR_VRUITests */ = {
			isa = PBXGroup;
			children = (
				367C7E3C2ACF38E300FA18CA /* AR_VRUITests.swift */,
				367C7E3E2ACF38E300FA18CA /* AR_VRUITestsLaunchTests.swift */,
			);
			path = AR_VRUITests;
			sourceTree = "<group>";
		};
/* End PBXGroup section */

/* Begin PBXNativeTarget section */
		367C7E1C2ACF38E200FA18CA /* AR_VR */ = {
			isa = PBXNativeTarget;
			buildConfigurationList = 367C7E422ACF38E300FA18CA /* Build configuration list for PBXNativeTarget "AR_VR" */;
			buildPhases = (
				367C7E192ACF38E200FA18CA /* Sources */,
				367C7E1A2ACF38E200FA18CA /* Frameworks */,
				367C7E1B2ACF38E200FA18CA /* Resources */,
			);
			buildRules = (
			);
			dependencies = (
			);
			name = AR_VR;
			productName = AR_VR;
			productReference = 367C7E1D2ACF38E200FA18CA /* AR_VR.app */;
			productType = "com.apple.product-type.application";
		};
		367C7E2D2ACF38E300FA18CA /* AR_VRTests */ = {
			isa = PBXNativeTarget;
			buildConfigurationList = 367C7E452ACF38E300FA18CA /* Build configuration list for PBXNativeTarget "AR_VRTests" */;
			buildPhases = (
				367C7E2A2ACF38E300FA18CA /* Sources */,
				367C7E2B2ACF38E300FA18CA /* Frameworks */,
				367C7E2C2ACF38E300FA18CA /* Resources */,
			);
			buildRules = (
			);
			dependencies = (
				367C7E302ACF38E300FA18CA /* PBXTargetDependency */,
			);
			name = AR_VRTests;
			productName = AR_VRTests;
			productReference = 367C7E2E2ACF38E300FA18CA /* AR_VRTests.xctest */;
			productType = "com.apple.product-type.bundle.unit-test";
		};
		367C7E372ACF38E300FA18CA /* AR_VRUITests */ = {
			isa = PBXNativeTarget;
			buildConfigurationList = 367C7E482ACF38E300FA18CA /* Build configuration list for PBXNativeTarget "AR_VRUITests" */;
			buildPhases = (
				367C7E342ACF38E300FA18CA /* Sources */,
				367C7E352ACF38E300FA18CA /* Frameworks */,
				367C7E362ACF38E300FA18CA /* Resources */,
			);
			buildRules = (
			);
			dependencies = (
				367C7E3A2ACF38E300FA18CA /* PBXTargetDependency */,
			);
			name = AR_VRUITests;
			productName = AR_VRUITests;
			productReference = 367C7E382ACF38E300FA18CA /* AR_VRUITests.xctest */;
			productType = "com.apple.product-type.bundle.ui-testing";
		};
/* End PBXNativeTarget section */

/* Begin PBXProject section */
		367C7E152ACF38E200FA18CA /* Project object */ = {
			isa = PBXProject;
			attributes = {
				BuildIndependentTargetsInParallel = 1;
				LastSwiftUpdateCheck = 1500;
				LastUpgradeCheck = 1500;
				TargetAttributes = {
					367C7E1C2ACF38E200FA18CA = {
						CreatedOnToolsVersion = 15.0;
					};
					367C7E2D2ACF38E300FA18CA = {
						CreatedOnToolsVersion = 15.0;
						TestTargetID = 367C7E1C2ACF38E200FA18CA;
					};
					367C7E372ACF38E300FA18CA = {
						CreatedOnToolsVersion = 15.0;
						TestTargetID = 367C7E1C2ACF38E200FA18CA;
					};
				};
			};
			buildConfigurationList = 367C7E182ACF38E200FA18CA /* Build configuration list for PBXProject "AR_VR" */;
			compatibilityVersion = "Xcode 14.0";
			developmentRegion = en;
			hasScannedForEncodings = 0;
			knownRegions = (
				en,
				Base,
			);
			mainGroup = 367C7E142ACF38E200FA18CA;
			productRefGroup = 367C7E1E2ACF38E200FA18CA /* Products */;
			projectDirPath = "";
			projectRoot = "";
			targets = (
				367C7E1C2ACF38E200FA18CA /* AR_VR */,
				367C7E2D2ACF38E300FA18CA /* AR_VRTests */,
				367C7E372ACF38E300FA18CA /* AR_VRUITests */,
			);
		};
/* End PBXProject section */

/* Begin PBXResourcesBuildPhase section */
		367C7E1B2ACF38E200FA18CA /* Resources */ = {
			isa = PBXResourcesBuildPhase;
			buildActionMask = 2147483647;
			files = (
				367C7E292ACF38E300FA18CA /* Preview Assets.xcassets in Resources */,
				367C7E252ACF38E300FA18CA /* Assets.xcassets in Resources */,
			);
			runOnlyForDeploymentPostprocessing = 0;
		};
		367C7E2C2ACF38E300FA18CA /* Resources */ = {
			isa = PBXResourcesBuildPhase;
			buildActionMask = 2147483647;
			files = (
			);
			runOnlyForDeploymentPostprocessing = 0;
		};
		367C7E362ACF38E300FA18CA /* Resources */ = {
			isa = PBXResourcesBuildPhase;
			buildActionMask = 2147483647;
			files = (
			);
			runOnlyForDeploymentPostprocessing = 0;
		};
/* End PBXResourcesBuildPhase section */

/* Begin PBXSourcesBuildPhase section */
		367C7E192ACF38E200FA18CA /* Sources */ = {
			isa = PBXSourcesBuildPhase;
			buildActionMask = 2147483647;
			files = (
				367C7E232ACF38E200FA18CA /* ContentView.swift in Sources */,
				367C7E212ACF38E200FA18CA /* AR_VRApp.swift in Sources */,
			);
			runOnlyForDeploymentPostprocessing = 0;
		};
		367C7E2A2ACF38E300FA18CA /* Sources */ = {
			isa = PBXSourcesBuildPhase;
			buildActionMask = 2147483647;
			files = (
				367C7E332ACF38E300FA18CA /* AR_VRTests.swift in Sources */,
			);
			runOnlyForDeploymentPostprocessing = 0;
		};
		367C7E342ACF38E300FA18CA /* Sources */ = {
			isa = PBXSourcesBuildPhase;
			buildActionMask = 2147483647;
			files = (
				367C7E3D2ACF38E300FA18CA /* AR_VRUITests.swift in Sources */,
				367C7E3F2ACF38E300FA18CA /* AR_VRUITestsLaunchTests.swift in Sources */,
			);
			runOnlyForDeploymentPostprocessing = 0;
		};
/* End PBXSourcesBuildPhase section */

/* Begin PBXTargetDependency section */
		367C7E302ACF38E300FA18CA /* PBXTargetDependency */ = {
			isa = PBXTargetDependency;
			target = 367C7E1C2ACF38E200FA18CA /* AR_VR */;
			targetProxy = 367C7E2F2ACF38E300FA18CA /* PBXContainerItemProxy */;
		};
		367C7E3A2ACF38E300FA18CA /* PBXTargetDependency */ = {
			isa = PBXTargetDependency;
			target = 367C7E1C2ACF38E200FA18CA /* AR_VR */;
			targetProxy = 367C7E392ACF38E300FA18CA /* PBXContainerItemProxy */;
		};
/* End PBXTargetDependency section */

/* Begin XCBuildConfiguration section */
		367C7E402ACF38E300FA18CA /* Debug */ = {
			isa = XCBuildConfiguration;
			buildSettings = {
				ALWAYS_SEARCH_USER_PATHS = NO;
				ASSETCATALOG_COMPILER_GENERATE_SWIFT_ASSET_SYMBOL_EXTENSIONS = YES;
				CLANG_ANALYZER_NONNULL = YES;
				CLANG_ANALYZER_NUMBER_OBJECT_CONVERSION = YES_AGGRESSIVE;
				CLANG_CXX_LANGUAGE_STANDARD = "gnu++20";
				CLANG_ENABLE_MODULES = YES;
				CLANG_ENABLE_OBJC_ARC = YES;
				CLANG_ENABLE_OBJC_WEAK = YES;
				CLANG_WARN_BLOCK_CAPTURE_AUTORELEASING = YES;
				CLANG_WARN_BOOL_CONVERSION = YES;
				CLANG_WARN_COMMA = YES;
				CLANG_WARN_CONSTANT_CONVERSION = YES;
				CLANG_WARN_DEPRECATED_OBJC_IMPLEMENTATIONS = YES;
				CLANG_WARN_DIRECT_OBJC_ISA_USAGE = YES_ERROR;
				CLANG_WARN_DOCUMENTATION_COMMENTS = YES;
				CLANG_WARN_EMPTY_BODY = YES;
				CLANG_WARN_ENUM_CONVERSION = YES;
				CLANG_WARN_INFINITE_RECURSION = YES;
				CLANG_WARN_INT_CONVERSION = YES;
				CLANG_WARN_NON_LITERAL_NULL_CONVERSION = YES;
				CLANG_WARN_OBJC_IMPLICIT_RETAIN_SELF = YES;
				CLANG_WARN_OBJC_LITERAL_CONVERSION = YES;
				CLANG_WARN_OBJC_ROOT_CLASS = YES_ERROR;
				CLANG_WARN_QUOTED_INCLUDE_IN_FRAMEWORK_HEADER = YES;
				CLANG_WARN_RANGE_LOOP_ANALYSIS = YES;
				CLANG_WARN_STRICT_PROTOTYPES = YES;
				CLANG_WARN_SUSPICIOUS_MOVE = YES;
				CLANG_WARN_UNGUARDED_AVAILABILITY = YES_AGGRESSIVE;
				CLANG_WARN_UNREACHABLE_CODE = YES;
				CLANG_WARN__DUPLICATE_METHOD_MATCH = YES;
				COPY_PHASE_STRIP = NO;
				DEBUG_INFORMATION_FORMAT = dwarf;
				ENABLE_STRICT_OBJC_MSGSEND = YES;
				ENABLE_TESTABILITY = YES;
				ENABLE_USER_SCRIPT_SANDBOXING = YES;
				GCC_C_LANGUAGE_STANDARD = gnu17;
				GCC_DYNAMIC_NO_PIC = NO;
				GCC_NO_COMMON_BLOCKS = YES;
				GCC_OPTIMIZATION_LEVEL = 0;
				GCC_PREPROCESSOR_DEFINITIONS = (
					"DEBUG=1",
					"$(inherited)",
				);
				GCC_WARN_64_TO_32_BIT_CONVERSION = YES;
				GCC_WARN_ABOUT_RETURN_TYPE = YES_ERROR;
				GCC_WARN_UNDECLARED_SELECTOR = YES;
				GCC_WARN_UNINITIALIZED_AUTOS = YES_AGGRESSIVE;
				GCC_WARN_UNUSED_FUNCTION = YES;
				GCC_WARN_UNUSED_VARIABLE = YES;
				LOCALIZATION_PREFERS_STRING_CATALOGS = YES;
				MTL_ENABLE_DEBUG_INFO = INCLUDE_SOURCE;
				MTL_FAST_MATH = YES;
				ONLY_ACTIVE_ARCH = YES;
				SWIFT_ACTIVE_COMPILATION_CONDITIONS = "DEBUG $(inherited)";
				SWIFT_OPTIMIZATION_LEVEL = "-Onone";
			};
			name = Debug;
		};
		367C7E412ACF38E300FA18CA /* Release */ = {
			isa = XCBuildConfiguration;
			buildSettings = {
				ALWAYS_SEARCH_USER_PATHS = NO;
				ASSETCATALOG_COMPILER_GENERATE_SWIFT_ASSET_SYMBOL_EXTENSIONS = YES;
				CLANG_ANALYZER_NONNULL = YES;
				CLANG_ANALYZER_NUMBER_OBJECT_CONVERSION = YES_AGGRESSIVE;
				CLANG_CXX_LANGUAGE_STANDARD = "gnu++20";
				CLANG_ENABLE_MODULES = YES;
				CLANG_ENABLE_OBJC_ARC = YES;
				CLANG_ENABLE_OBJC_WEAK = YES;
				CLANG_WARN_BLOCK_CAPTURE_AUTORELEASING = YES;
				CLANG_WARN_BOOL_CONVERSION = YES;
				CLANG_WARN_COMMA = YES;
				CLANG_WARN_CONSTANT_CONVERSION = YES;
				CLANG_WARN_DEPRECATED_OBJC_IMPLEMENTATIONS = YES;
				CLANG_WARN_DIRECT_OBJC_ISA_USAGE = YES_ERROR;
				CLANG_WARN_DOCUMENTATION_COMMENTS = YES;
				CLANG_WARN_EMPTY_BODY = YES;
				CLANG_WARN_ENUM_CONVERSION = YES;
				CLANG_WARN_INFINITE_RECURSION = YES;
				CLANG_WARN_INT_CONVERSION = YES;
				CLANG_WARN_NON_LITERAL_NULL_CONVERSION = YES;
				CLANG_WARN_OBJC_IMPLICIT_RETAIN_SELF = YES;
				CLANG_WARN_OBJC_LITERAL_CONVERSION = YES;
				CLANG_WARN_OBJC_ROOT_CLASS = YES_ERROR;
				CLANG_WARN_QUOTED_INCLUDE_IN_FRAMEWORK_HEADER = YES;
				CLANG_WARN_RANGE_LOOP_ANALYSIS = YES;
				CLANG_WARN_STRICT_PROTOTYPES = YES;
				CLANG_WARN_SUSPICIOUS_MOVE = YES;
				CLANG_WARN_UNGUARDED_AVAILABILITY = YES_AGGRESSIVE;
				CLANG_WARN_UNREACHABLE_CODE = YES;
				CLANG_WARN__DUPLICATE_METHOD_MATCH = YES;
				COPY_PHASE_STRIP = NO;
				DEBUG_INFORMATION_FORMAT = "dwarf-with-dsym";
				ENABLE_NS_ASSERTIONS = NO;
				ENABLE_STRICT_OBJC_MSGSEND = YES;
				ENABLE_USER_SCRIPT_SANDBOXING = YES;
				GCC_C_LANGUAGE_STANDARD = gnu17;
				GCC_NO_COMMON_BLOCKS = YES;
				GCC_WARN_64_TO_32_BIT_CONVERSION = YES;
				GCC_WARN_ABOUT_RETURN_TYPE = YES_ERROR;
				GCC_WARN_UNDECLARED_SELECTOR = YES;
				GCC_WARN_UNINITIALIZED_AUTOS = YES_AGGRESSIVE;
				GCC_WARN_UNUSED_FUNCTION = YES;
				GCC_WARN_UNUSED_VARIABLE = YES;
				LOCALIZATION_PREFERS_STRING_CATALOGS = YES;
				MTL_ENABLE_DEBUG_INFO = NO;
				MTL_FAST_MATH = YES;
				SWIFT_COMPILATION_MODE = wholemodule;
			};
			name = Release;
		};
		367C7E432ACF38E300FA18CA /* Debug */ = {
			isa = XCBuildConfiguration;
			buildSettings = {
				ASSETCATALOG_COMPILER_APPICON_NAME = AppIcon;
				ASSETCATALOG_COMPILER_GLOBAL_ACCENT_COLOR_NAME = AccentColor;
				CODE_SIGN_ENTITLEMENTS = AR_VR/AR_VR.entitlements;
				CODE_SIGN_STYLE = Automatic;
				CURRENT_PROJECT_VERSION = 1;
				DEVELOPMENT_ASSET_PATHS = "\"AR_VR/Preview Content\"";
				DEVELOPMENT_TEAM = SNX9U3HWNN;
				ENABLE_HARDENED_RUNTIME = YES;
				ENABLE_PREVIEWS = YES;
				GENERATE_INFOPLIST_FILE = YES;
				"INFOPLIST_KEY_UIApplicationSceneManifest_Generation[sdk=iphoneos*]" = YES;
				"INFOPLIST_KEY_UIApplicationSceneManifest_Generation[sdk=iphonesimulator*]" = YES;
				"INFOPLIST_KEY_UIApplicationSupportsIndirectInputEvents[sdk=iphoneos*]" = YES;
				"INFOPLIST_KEY_UIApplicationSupportsIndirectInputEvents[sdk=iphonesimulator*]" = YES;
				"INFOPLIST_KEY_UILaunchScreen_Generation[sdk=iphoneos*]" = YES;
				"INFOPLIST_KEY_UILaunchScreen_Generation[sdk=iphonesimulator*]" = YES;
				"INFOPLIST_KEY_UIStatusBarStyle[sdk=iphoneos*]" = UIStatusBarStyleDefault;
				"INFOPLIST_KEY_UIStatusBarStyle[sdk=iphonesimulator*]" = UIStatusBarStyleDefault;
				INFOPLIST_KEY_UISupportedInterfaceOrientations_iPad = "UIInterfaceOrientationPortrait UIInterfaceOrientationPortraitUpsideDown UIInterfaceOrientationLandscapeLeft UIInterfaceOrientationLandscapeRight";
				INFOPLIST_KEY_UISupportedInterfaceOrientations_iPhone = "UIInterfaceOrientationPortrait UIInterfaceOrientationLandscapeLeft UIInterfaceOrientationLandscapeRight";
				IPHONEOS_DEPLOYMENT_TARGET = 17.0;
				LD_RUNPATH_SEARCH_PATHS = "@executable_path/Frameworks";
				"LD_RUNPATH_SEARCH_PATHS[sdk=macosx*]" = "@executable_path/../Frameworks";
				MACOSX_DEPLOYMENT_TARGET = 14.0;
				MARKETING_VERSION = 1.0;
				PRODUCT_BUNDLE_IDENTIFIER = "vladimirStasenko.AR-VR";
				PRODUCT_NAME = "$(TARGET_NAME)";
				SDKROOT = auto;
				SUPPORTED_PLATFORMS = "iphoneos iphonesimulator macosx";
				SWIFT_EMIT_LOC_STRINGS = YES;
				SWIFT_VERSION = 5.0;
				TARGETED_DEVICE_FAMILY = "1,2";
			};
			name = Debug;
		};
		367C7E442ACF38E300FA18CA /* Release */ = {
			isa = XCBuildConfiguration;
			buildSettings = {
				ASSETCATALOG_COMPILER_APPICON_NAME = AppIcon;
				ASSETCATALOG_COMPILER_GLOBAL_ACCENT_COLOR_NAME = AccentColor;
				CODE_SIGN_ENTITLEMENTS = AR_VR/AR_VR.entitlements;
				CODE_SIGN_STYLE = Automatic;
				CURRENT_PROJECT_VERSION = 1;
				DEVELOPMENT_ASSET_PATHS = "\"AR_VR/Preview Content\"";
				DEVELOPMENT_TEAM = SNX9U3HWNN;
				ENABLE_HARDENED_RUNTIME = YES;
				ENABLE_PREVIEWS = YES;
				GENERATE_INFOPLIST_FILE = YES;
				"INFOPLIST_KEY_UIApplicationSceneManifest_Generation[sdk=iphoneos*]" = YES;
				"INFOPLIST_KEY_UIApplicationSceneManifest_Generation[sdk=iphonesimulator*]" = YES;
				"INFOPLIST_KEY_UIApplicationSupportsIndirectInputEvents[sdk=iphoneos*]" = YES;
				"INFOPLIST_KEY_UIApplicationSupportsIndirectInputEvents[sdk=iphonesimulator*]" = YES;
				"INFOPLIST_KEY_UILaunchScreen_Generation[sdk=iphoneos*]" = YES;
				"INFOPLIST_KEY_UILaunchScreen_Generation[sdk=iphonesimulator*]" = YES;
				"INFOPLIST_KEY_UIStatusBarStyle[sdk=iphoneos*]" = UIStatusBarStyleDefault;
				"INFOPLIST_KEY_UIStatusBarStyle[sdk=iphonesimulator*]" = UIStatusBarStyleDefault;
				INFOPLIST_KEY_UISupportedInterfaceOrientations_iPad = "UIInterfaceOrientationPortrait UIInterfaceOrientationPortraitUpsideDown UIInterfaceOrientationLandscapeLeft UIInterfaceOrientationLandscapeRight";
				INFOPLIST_KEY_UISupportedInterfaceOrientations_iPhone = "UIInterfaceOrientationPortrait UIInterfaceOrientationLandscapeLeft UIInterfaceOrientationLandscapeRight";
				IPHONEOS_DEPLOYMENT_TARGET = 17.0;
				LD_RUNPATH_SEARCH_PATHS = "@executable_path/Frameworks";
				"LD_RUNPATH_SEARCH_PATHS[sdk=macosx*]" = "@executable_path/../Frameworks";
				MACOSX_DEPLOYMENT_TARGET = 14.0;
				MARKETING_VERSION = 1.0;
				PRODUCT_BUNDLE_IDENTIFIER = "vladimirStasenko.AR-VR";
				PRODUCT_NAME = "$(TARGET_NAME)";
				SDKROOT = auto;
				SUPPORTED_PLATFORMS = "iphoneos iphonesimulator macosx";
				SWIFT_EMIT_LOC_STRINGS = YES;
				SWIFT_VERSION = 5.0;
				TARGETED_DEVICE_FAMILY = "1,2";
			};
			name = Release;
		};
		367C7E462ACF38E300FA18CA /* Debug */ = {
			isa = XCBuildConfiguration;
			buildSettings = {
				ALWAYS_EMBED_SWIFT_STANDARD_LIBRARIES = YES;
				BUNDLE_LOADER = "$(TEST_HOST)";
				CODE_SIGN_STYLE = Automatic;
				CURRENT_PROJECT_VERSION = 1;
				DEVELOPMENT_TEAM = SNX9U3HWNN;
				GENERATE_INFOPLIST_FILE = YES;
				IPHONEOS_DEPLOYMENT_TARGET = 17.0;
				MACOSX_DEPLOYMENT_TARGET = 14.0;
				MARKETING_VERSION = 1.0;
				PRODUCT_BUNDLE_IDENTIFIER = "vladimirStasenko.AR-VRTests";
				PRODUCT_NAME = "$(TARGET_NAME)";
				SDKROOT = auto;
				SUPPORTED_PLATFORMS = "iphoneos iphonesimulator macosx";
				SWIFT_EMIT_LOC_STRINGS = NO;
				SWIFT_VERSION = 5.0;
				TARGETED_DEVICE_FAMILY = "1,2";
				TEST_HOST = "$(BUILT_PRODUCTS_DIR)/AR_VR.app/$(BUNDLE_EXECUTABLE_FOLDER_PATH)/AR_VR";
			};
			name = Debug;
		};
		367C7E472ACF38E300FA18CA /* Release */ = {
			isa = XCBuildConfiguration;
			buildSettings = {
				ALWAYS_EMBED_SWIFT_STANDARD_LIBRARIES = YES;
				BUNDLE_LOADER = "$(TEST_HOST)";
				CODE_SIGN_STYLE = Automatic;
				CURRENT_PROJECT_VERSION = 1;
				DEVELOPMENT_TEAM = SNX9U3HWNN;
				GENERATE_INFOPLIST_FILE = YES;
				IPHONEOS_DEPLOYMENT_TARGET = 17.0;
				MACOSX_DEPLOYMENT_TARGET = 14.0;
				MARKETING_VERSION = 1.0;
				PRODUCT_BUNDLE_IDENTIFIER = "vladimirStasenko.AR-VRTests";
				PRODUCT_NAME = "$(TARGET_NAME)";
				SDKROOT = auto;
				SUPPORTED_PLATFORMS = "iphoneos iphonesimulator macosx";
				SWIFT_EMIT_LOC_STRINGS = NO;
				SWIFT_VERSION = 5.0;
				TARGETED_DEVICE_FAMILY = "1,2";
				TEST_HOST = "$(BUILT_PRODUCTS_DIR)/AR_VR.app/$(BUNDLE_EXECUTABLE_FOLDER_PATH)/AR_VR";
			};
			name = Release;
		};
		367C7E492ACF38E300FA18CA /* Debug */ = {
			isa = XCBuildConfiguration;
			buildSettings = {
				ALWAYS_EMBED_SWIFT_STANDARD_LIBRARIES = YES;
				CODE_SIGN_STYLE = Automatic;
				CURRENT_PROJECT_VERSION = 1;
				DEVELOPMENT_TEAM = SNX9U3HWNN;
				GENERATE_INFOPLIST_FILE = YES;
				IPHONEOS_DEPLOYMENT_TARGET = 17.0;
				MACOSX_DEPLOYMENT_TARGET = 14.0;
				MARKETING_VERSION = 1.0;
				PRODUCT_BUNDLE_IDENTIFIER = "vladimirStasenko.AR-VRUITests";
				PRODUCT_NAME = "$(TARGET_NAME)";
				SDKROOT = auto;
				SUPPORTED_PLATFORMS = "iphoneos iphonesimulator macosx";
				SWIFT_EMIT_LOC_STRINGS = NO;
				SWIFT_VERSION = 5.0;
				TARGETED_DEVICE_FAMILY = "1,2";
				TEST_TARGET_NAME = AR_VR;
			};
			name = Debug;
		};
		367C7E4A2ACF38E300FA18CA /* Release */ = {
			isa = XCBuildConfiguration;
			buildSettings = {
				ALWAYS_EMBED_SWIFT_STANDARD_LIBRARIES = YES;
				CODE_SIGN_STYLE = Automatic;
				CURRENT_PROJECT_VERSION = 1;
				DEVELOPMENT_TEAM = SNX9U3HWNN;
				GENERATE_INFOPLIST_FILE = YES;
				IPHONEOS_DEPLOYMENT_TARGET = 17.0;
				MACOSX_DEPLOYMENT_TARGET = 14.0;
				MARKETING_VERSION = 1.0;
				PRODUCT_BUNDLE_IDENTIFIER = "vladimirStasenko.AR-VRUITests";
				PRODUCT_NAME = "$(TARGET_NAME)";
				SDKROOT = auto;
				SUPPORTED_PLATFORMS = "iphoneos iphonesimulator macosx";
				SWIFT_EMIT_LOC_STRINGS = NO;
				SWIFT_VERSION = 5.0;
				TARGETED_DEVICE_FAMILY = "1,2";
				TEST_TARGET_NAME = AR_VR;
			};
			name = Release;
		};
/* End XCBuildConfiguration section */

/* Begin XCConfigurationList section */
		367C7E182ACF38E200FA18CA /* Build configuration list for PBXProject "AR_VR" */ = {
			isa = XCConfigurationList;
			buildConfigurations = (
				367C7E402ACF38E300FA18CA /* Debug */,
				367C7E412ACF38E300FA18CA /* Release */,
			);
			defaultConfigurationIsVisible = 0;
			defaultConfigurationName = Release;
		};
		367C7E422ACF38E300FA18CA /* Build configuration list for PBXNativeTarget "AR_VR" */ = {
			isa = XCConfigurationList;
			buildConfigurations = (
				367C7E432ACF38E300FA18CA /* Debug */,
				367C7E442ACF38E300FA18CA /* Release */,
			);
			defaultConfigurationIsVisible = 0;
			defaultConfigurationName = Release;
		};
		367C7E452ACF38E300FA18CA /* Build configuration list for PBXNativeTarget "AR_VRTests" */ = {
			isa = XCConfigurationList;
			buildConfigurations = (
				367C7E462ACF38E300FA18CA /* Debug */,
				367C7E472ACF38E300FA18CA /* Release */,
			);
			defaultConfigurationIsVisible = 0;
			defaultConfigurationName = Release;
		};
		367C7E482ACF38E300FA18CA /* Build configuration list for PBXNativeTarget "AR_VRUITests" */ = {
			isa = XCConfigurationList;
			buildConfigurations = (
				367C7E492ACF38E300FA18CA /* Debug */,
				367C7E4A2ACF38E300FA18CA /* Release */,
			);
			defaultConfigurationIsVisible = 0;
			defaultConfigurationName = Release;
		};
/* End XCConfigurationList section */
	};
	rootObject = 367C7E152ACF38E200FA18CA /* Project object */;
}
